
Microsoft Visual Studio Solution File, Format Version 12.00
# Visual Studio 15
VisualStudioVersion = 15.0.28010.2050
MinimumVisualStudioVersion = 10.0.40219.1
Project("{9A19103F-16F7-4668-BE54-9A1E7A4F7556}") = "Pics", "Pics\Pics.csproj", "{67D580B3-89C4-461A-AC8D-12665934BA7D}"
EndProject
Project("{9A19103F-16F7-4668-BE54-9A1E7A4F7556}") = "Models", "Models\Models.csproj", "{5CC7955C-E00F-4870-809E-D2456B9B545E}"
EndProject
Project("{9A19103F-16F7-4668-BE54-9A1E7A4F7556}") = "DataAccess", "DataAccess\DataAccess.csproj", "{4BC80AE1-8658-4C02-82E9-BF933D7AC70D}"
EndProject
Project("{9A19103F-16F7-4668-BE54-9A1E7A4F7556}") = "Services", "Services\Services.csproj", "{6999B8DF-C75E-4570-90CD-2D2BF6718AE0}"
EndProject
Project("{FAE04EC0-301F-11D3-BF4B-00C04F79EFBC}") = "Exceptions", "Exceptions\Exceptions.csproj", "{3D740E61-1B46-4B0D-8D56-3ECE9E09333A}"
EndProject
Project("{FAE04EC0-301F-11D3-BF4B-00C04F79EFBC}") = "Utils", "Utils\Utils.csproj", "{C11D51B1-8300-4F29-B361-4F41EA47931E}"
EndProject
Global
	GlobalSection(SolutionConfigurationPlatforms) = preSolution
		Debug|Any CPU = Debug|Any CPU
		Release|Any CPU = Release|Any CPU
	EndGlobalSection
	GlobalSection(ProjectConfigurationPlatforms) = postSolution
		{67D580B3-89C4-461A-AC8D-12665934BA7D}.Debug|Any CPU.ActiveCfg = Debug|Any CPU
		{67D580B3-89C4-461A-AC8D-12665934BA7D}.Debug|Any CPU.Build.0 = Debug|Any CPU
		{67D580B3-89C4-461A-AC8D-12665934BA7D}.Release|Any CPU.ActiveCfg = Release|Any CPU
		{67D580B3-89C4-461A-AC8D-12665934BA7D}.Release|Any CPU.Build.0 = Release|Any CPU
		{5CC7955C-E00F-4870-809E-D2456B9B545E}.Debug|Any CPU.ActiveCfg = Debug|Any CPU
		{5CC7955C-E00F-4870-809E-D2456B9B545E}.Debug|Any CPU.Build.0 = Debug|Any CPU
		{5CC7955C-E00F-4870-809E-D2456B9B545E}.Release|Any CPU.ActiveCfg = Release|Any CPU
		{5CC7955C-E00F-4870-809E-D2456B9B545E}.Release|Any CPU.Build.0 = Release|Any CPU
		{4BC80AE1-8658-4C02-82E9-BF933D7AC70D}.Debug|Any CPU.ActiveCfg = Debug|Any CPU
		{4BC80AE1-8658-4C02-82E9-BF933D7AC70D}.Debug|Any CPU.Build.0 = Debug|Any CPU
		{4BC80AE1-8658-4C02-82E9-BF933D7AC70D}.Release|Any CPU.ActiveCfg = Release|Any CPU
		{4BC80AE1-8658-4C02-82E9-BF933D7AC70D}.Release|Any CPU.Build.0 = Release|Any CPU
		{6999B8DF-C75E-4570-90CD-2D2BF6718AE0}.Debug|Any CPU.ActiveCfg = Debug|Any CPU
		{6999B8DF-C75E-4570-90CD-2D2BF6718AE0}.Debug|Any CPU.Build.0 = Debug|Any CPU
		{6999B8DF-C75E-4570-90CD-2D2BF6718AE0}.Release|Any CPU.ActiveCfg = Release|Any CPU
		{6999B8DF-C75E-4570-90CD-2D2BF6718AE0}.Release|Any CPU.Build.0 = Release|Any CPU
		{3D740E61-1B46-4B0D-8D56-3ECE9E09333A}.Debug|Any CPU.ActiveCfg = Debug|Any CPU
		{3D740E61-1B46-4B0D-8D56-3ECE9E09333A}.Debug|Any CPU.Build.0 = Debug|Any CPU
		{3D740E61-1B46-4B0D-8D56-3ECE9E09333A}.Release|Any CPU.ActiveCfg = Release|Any CPU
		{3D740E61-1B46-4B0D-8D56-3ECE9E09333A}.Release|Any CPU.Build.0 = Release|Any CPU
		{C11D51B1-8300-4F29-B361-4F41EA47931E}.Debug|Any CPU.ActiveCfg = Debug|Any CPU
		{C11D51B1-8300-4F29-B361-4F41EA47931E}.Debug|Any CPU.Build.0 = Debug|Any CPU
		{C11D51B1-8300-4F29-B361-4F41EA47931E}.Release|Any CPU.ActiveCfg = Release|Any CPU
		{C11D51B1-8300-4F29-B361-4F41EA47931E}.Release|Any CPU.Build.0 = Release|Any CPU
	EndGlobalSection
	GlobalSection(SolutionProperties) = preSolution
		HideSolutionNode = FALSE
	EndGlobalSection
	GlobalSection(ExtensibilityGlobals) = postSolution
		SolutionGuid = {5CDDB222-AD0E-447D-A9FE-8E0397362749}
	EndGlobalSection
EndGlobal
